
Microsoft Visual Studio Solution File, Format Version 12.00
# Visual Studio 2013
VisualStudioVersion = 12.0.31101.0
MinimumVisualStudioVersion = 10.0.40219.1
Project("{FAE04EC0-301F-11D3-BF4B-00C04F79EFBC}") = "OOPCompleteTest", "OOPCompleteTest\OOPCompleteTest.csproj", "{DBAA0255-3EBE-4845-B521-4001E5057A51}"
EndProject
Project("{FAE04EC0-301F-11D3-BF4B-00C04F79EFBC}") = "overrideTest", "overrideTest\overrideTest.csproj", "{89957109-1DCA-4A0E-AEA4-FD3873EF9909}"
EndProject
Project("{FAE04EC0-301F-11D3-BF4B-00C04F79EFBC}") = "NewTest", "NewTest\NewTest.csproj", "{B3A857D1-7502-49D3-8CFF-B024FDC6EE3A}"
EndProject
Project("{FAE04EC0-301F-11D3-BF4B-00C04F79EFBC}") = "OverrideTest2", "OverrideTest2\OverrideTest2.csproj", "{E8ABA5C2-0316-4693-B327-9D8829E669F1}"
EndProject
Project("{FAE04EC0-301F-11D3-BF4B-00C04F79EFBC}") = "NestedClassTest", "NestedClassTest\NestedClassTest.csproj", "{8D01FD0D-5CA6-48C1-8A9E-DE96008C76DF}"
EndProject
Project("{FAE04EC0-301F-11D3-BF4B-00C04F79EFBC}") = "ProtectedClassTest", "ProtectedClassTest\ProtectedClassTest.csproj", "{CEF6D792-694E-41D4-9DE5-DC1132D0528F}"
EndProject
Project("{FAE04EC0-301F-11D3-BF4B-00C04F79EFBC}") = "StringTest", "StringTest\StringTest.csproj", "{26EE8342-249B-4465-9B36-F4BF8A723BB3}"
EndProject
Project("{FAE04EC0-301F-11D3-BF4B-00C04F79EFBC}") = "Overflow_Underflow", "Overflow_Underflow\Overflow_Underflow.csproj", "{22CD3EC6-2404-47D9-8256-237DFDA80747}"
EndProject
Project("{FAE04EC0-301F-11D3-BF4B-00C04F79EFBC}") = "AttributeExample", "AttributeExample\AttributeExample.csproj", "{007CE6B7-768F-4578-87E8-DCBEA398F8AA}"
EndProject
Project("{FAE04EC0-301F-11D3-BF4B-00C04F79EFBC}") = "Question1", "Question1\Question1.csproj", "{BB737234-D682-4631-B9B1-740036768CF4}"
EndProject
Project("{FAE04EC0-301F-11D3-BF4B-00C04F79EFBC}") = "StringBuilderExample", "StringBuilderExample\StringBuilderExample.csproj", "{DE6680FC-7FFF-475A-A57E-485DCECEADBC}"
EndProject
Project("{FAE04EC0-301F-11D3-BF4B-00C04F79EFBC}") = "SwapExample", "SwapExample\SwapExample.csproj", "{2DB44A58-24E2-443E-BC5A-B759AD546BDE}"
EndProject
Project("{FAE04EC0-301F-11D3-BF4B-00C04F79EFBC}") = "ConstructorCallExample", "ConstructorCallExample\ConstructorCallExample.csproj", "{F11E8B3F-D424-4582-AD52-330D399187CB}"
EndProject
Project("{FAE04EC0-301F-11D3-BF4B-00C04F79EFBC}") = "GenericExample", "GenericExample\GenericExample.csproj", "{B7166C50-2BDB-437A-B85C-67B398685FF5}"
EndProject
Project("{FAE04EC0-301F-11D3-BF4B-00C04F79EFBC}") = "PluginExample", "PluginExample\PluginExample.csproj", "{E86A1B51-54FF-4F5A-B8D9-C2A44F50875E}"
EndProject
Project("{FAE04EC0-301F-11D3-BF4B-00C04F79EFBC}") = "IEnumerableCustomized", "IEnumerableCustomized\IEnumerableCustomized.csproj", "{16B7B457-7D2D-4A4C-9DE2-043599A1867F}"
EndProject
Project("{FAE04EC0-301F-11D3-BF4B-00C04F79EFBC}") = "ReferenceType", "ReferenceType\ReferenceType.csproj", "{855343DB-D520-45DF-86D8-269B44CECEC9}"
EndProject
Project("{FAE04EC0-301F-11D3-BF4B-00C04F79EFBC}") = "ShallowCopyClass", "ShallowCopyClass\ShallowCopyClass.csproj", "{55A3D485-52A8-4BDA-9838-C6DEA924C923}"
EndProject
Global
	GlobalSection(SolutionConfigurationPlatforms) = preSolution
		Debug|Any CPU = Debug|Any CPU
		Release|Any CPU = Release|Any CPU
	EndGlobalSection
	GlobalSection(ProjectConfigurationPlatforms) = postSolution
		{DBAA0255-3EBE-4845-B521-4001E5057A51}.Debug|Any CPU.ActiveCfg = Debug|Any CPU
		{DBAA0255-3EBE-4845-B521-4001E5057A51}.Debug|Any CPU.Build.0 = Debug|Any CPU
		{DBAA0255-3EBE-4845-B521-4001E5057A51}.Release|Any CPU.ActiveCfg = Release|Any CPU
		{DBAA0255-3EBE-4845-B521-4001E5057A51}.Release|Any CPU.Build.0 = Release|Any CPU
		{89957109-1DCA-4A0E-AEA4-FD3873EF9909}.Debug|Any CPU.ActiveCfg = Debug|Any CPU
		{89957109-1DCA-4A0E-AEA4-FD3873EF9909}.Debug|Any CPU.Build.0 = Debug|Any CPU
		{89957109-1DCA-4A0E-AEA4-FD3873EF9909}.Release|Any CPU.ActiveCfg = Release|Any CPU
		{89957109-1DCA-4A0E-AEA4-FD3873EF9909}.Release|Any CPU.Build.0 = Release|Any CPU
		{B3A857D1-7502-49D3-8CFF-B024FDC6EE3A}.Debug|Any CPU.ActiveCfg = Debug|Any CPU
		{B3A857D1-7502-49D3-8CFF-B024FDC6EE3A}.Debug|Any CPU.Build.0 = Debug|Any CPU
		{B3A857D1-7502-49D3-8CFF-B024FDC6EE3A}.Release|Any CPU.ActiveCfg = Release|Any CPU
		{B3A857D1-7502-49D3-8CFF-B024FDC6EE3A}.Release|Any CPU.Build.0 = Release|Any CPU
		{E8ABA5C2-0316-4693-B327-9D8829E669F1}.Debug|Any CPU.ActiveCfg = Debug|Any CPU
		{E8ABA5C2-0316-4693-B327-9D8829E669F1}.Debug|Any CPU.Build.0 = Debug|Any CPU
		{E8ABA5C2-0316-4693-B327-9D8829E669F1}.Release|Any CPU.ActiveCfg = Release|Any CPU
		{E8ABA5C2-0316-4693-B327-9D8829E669F1}.Release|Any CPU.Build.0 = Release|Any CPU
		{8D01FD0D-5CA6-48C1-8A9E-DE96008C76DF}.Debug|Any CPU.ActiveCfg = Debug|Any CPU
		{8D01FD0D-5CA6-48C1-8A9E-DE96008C76DF}.Debug|Any CPU.Build.0 = Debug|Any CPU
		{8D01FD0D-5CA6-48C1-8A9E-DE96008C76DF}.Release|Any CPU.ActiveCfg = Release|Any CPU
		{8D01FD0D-5CA6-48C1-8A9E-DE96008C76DF}.Release|Any CPU.Build.0 = Release|Any CPU
		{CEF6D792-694E-41D4-9DE5-DC1132D0528F}.Debug|Any CPU.ActiveCfg = Debug|Any CPU
		{CEF6D792-694E-41D4-9DE5-DC1132D0528F}.Debug|Any CPU.Build.0 = Debug|Any CPU
		{CEF6D792-694E-41D4-9DE5-DC1132D0528F}.Release|Any CPU.ActiveCfg = Release|Any CPU
		{CEF6D792-694E-41D4-9DE5-DC1132D0528F}.Release|Any CPU.Build.0 = Release|Any CPU
		{26EE8342-249B-4465-9B36-F4BF8A723BB3}.Debug|Any CPU.ActiveCfg = Debug|Any CPU
		{26EE8342-249B-4465-9B36-F4BF8A723BB3}.Debug|Any CPU.Build.0 = Debug|Any CPU
		{26EE8342-249B-4465-9B36-F4BF8A723BB3}.Release|Any CPU.ActiveCfg = Release|Any CPU
		{26EE8342-249B-4465-9B36-F4BF8A723BB3}.Release|Any CPU.Build.0 = Release|Any CPU
		{22CD3EC6-2404-47D9-8256-237DFDA80747}.Debug|Any CPU.ActiveCfg = Debug|Any CPU
		{22CD3EC6-2404-47D9-8256-237DFDA80747}.Debug|Any CPU.Build.0 = Debug|Any CPU
		{22CD3EC6-2404-47D9-8256-237DFDA80747}.Release|Any CPU.ActiveCfg = Release|Any CPU
		{22CD3EC6-2404-47D9-8256-237DFDA80747}.Release|Any CPU.Build.0 = Release|Any CPU
		{007CE6B7-768F-4578-87E8-DCBEA398F8AA}.Debug|Any CPU.ActiveCfg = Debug|Any CPU
		{007CE6B7-768F-4578-87E8-DCBEA398F8AA}.Debug|Any CPU.Build.0 = Debug|Any CPU
		{007CE6B7-768F-4578-87E8-DCBEA398F8AA}.Release|Any CPU.ActiveCfg = Release|Any CPU
		{007CE6B7-768F-4578-87E8-DCBEA398F8AA}.Release|Any CPU.Build.0 = Release|Any CPU
		{BB737234-D682-4631-B9B1-740036768CF4}.Debug|Any CPU.ActiveCfg = Debug|Any CPU
		{BB737234-D682-4631-B9B1-740036768CF4}.Debug|Any CPU.Build.0 = Debug|Any CPU
		{BB737234-D682-4631-B9B1-740036768CF4}.Release|Any CPU.ActiveCfg = Release|Any CPU
		{BB737234-D682-4631-B9B1-740036768CF4}.Release|Any CPU.Build.0 = Release|Any CPU
		{DE6680FC-7FFF-475A-A57E-485DCECEADBC}.Debug|Any CPU.ActiveCfg = Debug|Any CPU
		{DE6680FC-7FFF-475A-A57E-485DCECEADBC}.Debug|Any CPU.Build.0 = Debug|Any CPU
		{DE6680FC-7FFF-475A-A57E-485DCECEADBC}.Release|Any CPU.ActiveCfg = Release|Any CPU
		{DE6680FC-7FFF-475A-A57E-485DCECEADBC}.Release|Any CPU.Build.0 = Release|Any CPU
		{2DB44A58-24E2-443E-BC5A-B759AD546BDE}.Debug|Any CPU.ActiveCfg = Debug|Any CPU
		{2DB44A58-24E2-443E-BC5A-B759AD546BDE}.Debug|Any CPU.Build.0 = Debug|Any CPU
		{2DB44A58-24E2-443E-BC5A-B759AD546BDE}.Release|Any CPU.ActiveCfg = Release|Any CPU
		{2DB44A58-24E2-443E-BC5A-B759AD546BDE}.Release|Any CPU.Build.0 = Release|Any CPU
		{F11E8B3F-D424-4582-AD52-330D399187CB}.Debug|Any CPU.ActiveCfg = Debug|Any CPU
		{F11E8B3F-D424-4582-AD52-330D399187CB}.Debug|Any CPU.Build.0 = Debug|Any CPU
		{F11E8B3F-D424-4582-AD52-330D399187CB}.Release|Any CPU.ActiveCfg = Release|Any CPU
		{F11E8B3F-D424-4582-AD52-330D399187CB}.Release|Any CPU.Build.0 = Release|Any CPU
		{B7166C50-2BDB-437A-B85C-67B398685FF5}.Debug|Any CPU.ActiveCfg = Debug|Any CPU
		{B7166C50-2BDB-437A-B85C-67B398685FF5}.Debug|Any CPU.Build.0 = Debug|Any CPU
		{B7166C50-2BDB-437A-B85C-67B398685FF5}.Release|Any CPU.ActiveCfg = Release|Any CPU
		{B7166C50-2BDB-437A-B85C-67B398685FF5}.Release|Any CPU.Build.0 = Release|Any CPU
		{E86A1B51-54FF-4F5A-B8D9-C2A44F50875E}.Debug|Any CPU.ActiveCfg = Debug|Any CPU
		{E86A1B51-54FF-4F5A-B8D9-C2A44F50875E}.Debug|Any CPU.Build.0 = Debug|Any CPU
		{E86A1B51-54FF-4F5A-B8D9-C2A44F50875E}.Release|Any CPU.ActiveCfg = Release|Any CPU
		{E86A1B51-54FF-4F5A-B8D9-C2A44F50875E}.Release|Any CPU.Build.0 = Release|Any CPU
		{16B7B457-7D2D-4A4C-9DE2-043599A1867F}.Debug|Any CPU.ActiveCfg = Debug|Any CPU
		{16B7B457-7D2D-4A4C-9DE2-043599A1867F}.Debug|Any CPU.Build.0 = Debug|Any CPU
		{16B7B457-7D2D-4A4C-9DE2-043599A1867F}.Release|Any CPU.ActiveCfg = Release|Any CPU
		{16B7B457-7D2D-4A4C-9DE2-043599A1867F}.Release|Any CPU.Build.0 = Release|Any CPU
		{855343DB-D520-45DF-86D8-269B44CECEC9}.Debug|Any CPU.ActiveCfg = Debug|Any CPU
		{855343DB-D520-45DF-86D8-269B44CECEC9}.Debug|Any CPU.Build.0 = Debug|Any CPU
		{855343DB-D520-45DF-86D8-269B44CECEC9}.Release|Any CPU.ActiveCfg = Release|Any CPU
		{855343DB-D520-45DF-86D8-269B44CECEC9}.Release|Any CPU.Build.0 = Release|Any CPU
		{55A3D485-52A8-4BDA-9838-C6DEA924C923}.Debug|Any CPU.ActiveCfg = Debug|Any CPU
		{55A3D485-52A8-4BDA-9838-C6DEA924C923}.Debug|Any CPU.Build.0 = Debug|Any CPU
		{55A3D485-52A8-4BDA-9838-C6DEA924C923}.Release|Any CPU.ActiveCfg = Release|Any CPU
		{55A3D485-52A8-4BDA-9838-C6DEA924C923}.Release|Any CPU.Build.0 = Release|Any CPU
	EndGlobalSection
	GlobalSection(SolutionProperties) = preSolution
		HideSolutionNode = FALSE
	EndGlobalSection
EndGlobal
